Microsoft Visual Studio Solution File, Format Version 12.00
# Visual Studio Version 17
VisualStudioVersion = 17.5.2.0
MinimumVisualStudioVersion = 10.0.40219.1
Project("{FAE04EC0-301F-11D3-BF4B-00C04F79EFBC}") = "PisitDev", "PisitDev.csproj", "{EE2B8739-00E8-E3E1-DA1E-1625B8F38F3D}"
EndProject
Global
	GlobalSection(SolutionConfigurationPlatforms) = preSolution
		Debug|Any CPU = Debug|Any CPU
		Release|Any CPU = Release|Any CPU
	EndGlobalSection
	GlobalSection(ProjectConfigurationPlatforms) = postSolution
		{EE2B8739-00E8-E3E1-DA1E-1625B8F38F3D}.Debug|Any CPU.ActiveCfg = Debug|Any CPU
		{EE2B8739-00E8-E3E1-DA1E-1625B8F38F3D}.Debug|Any CPU.Build.0 = Debug|Any CPU
		{EE2B8739-00E8-E3E1-DA1E-1625B8F38F3D}.Release|Any CPU.ActiveCfg = Release|Any CPU
		{EE2B8739-00E8-E3E1-DA1E-1625B8F38F3D}.Release|Any CPU.Build.0 = Release|Any CPU
	EndGlobalSection
	GlobalSection(SolutionProperties) = preSolution
		HideSolutionNode = FALSE
	EndGlobalSection
	GlobalSection(ExtensibilityGlobals) = postSolution
		SolutionGuid = {85627516-5144-4CA3-8C57-230DAD90D6F7}
	EndGlobalSection
EndGlobal
